// !$*UTF8*$!
{
	archiveVersion = 1;
	classes = {
	};
	objectVersion = 50;
	objects = {

/* Begin PBXBuildFile section */
		1B2680B520F3BD850043CC53 /* AppDelegate.swift in Sources */ = {isa = PBXBuildFile; fileRef = 1B2680B420F3BD850043CC53 /* AppDelegate.swift */; };
		1B2680B820F3BD850043CC53 /* YelpApp.xcdatamodeld in Sources */ = {isa = PBXBuildFile; fileRef = 1B2680B620F3BD850043CC53 /* YelpApp.xcdatamodeld */; };
		1B2680BA20F3BD850043CC53 /* MasterViewController.swift in Sources */ = {isa = PBXBuildFile; fileRef = 1B2680B920F3BD850043CC53 /* MasterViewController.swift */; };
		1B2680BC20F3BD850043CC53 /* DetailViewController.swift in Sources */ = {isa = PBXBuildFile; fileRef = 1B2680BB20F3BD850043CC53 /* DetailViewController.swift */; };
		1B2680BF20F3BD850043CC53 /* Main.storyboard in Resources */ = {isa = PBXBuildFile; fileRef = 1B2680BD20F3BD850043CC53 /* Main.storyboard */; };
		1B2680C120F3BD870043CC53 /* Assets.xcassets in Resources */ = {isa = PBXBuildFile; fileRef = 1B2680C020F3BD870043CC53 /* Assets.xcassets */; };
		1B2680C420F3BD870043CC53 /* LaunchScreen.storyboard in Resources */ = {isa = PBXBuildFile; fileRef = 1B2680C220F3BD870043CC53 /* LaunchScreen.storyboard */; };
		1B2680CF20F3BD870043CC53 /* YelpAppTests.swift in Sources */ = {isa = PBXBuildFile; fileRef = 1B2680CE20F3BD870043CC53 /* YelpAppTests.swift */; };
		1B2680DA20F3C6F80043CC53 /* AdvanceSearchVC.swift in Sources */ = {isa = PBXBuildFile; fileRef = 1B2680D920F3C6F80043CC53 /* AdvanceSearchVC.swift */; };
		1B2680DD20F3CAFA0043CC53 /* SearchCriteria.swift in Sources */ = {isa = PBXBuildFile; fileRef = 1B2680DC20F3CAFA0043CC53 /* SearchCriteria.swift */; };
		1B2680E520F3DB2B0043CC53 /* AdvanceSearchCell.swift in Sources */ = {isa = PBXBuildFile; fileRef = 1B2680E420F3DB2B0043CC53 /* AdvanceSearchCell.swift */; };
		1B2680E720F3E4660043CC53 /* SResultsTableController.swift in Sources */ = {isa = PBXBuildFile; fileRef = 1B2680E620F3E4660043CC53 /* SResultsTableController.swift */; };
		1B2680E920F3E8380043CC53 /* GlobalConstants.swift in Sources */ = {isa = PBXBuildFile; fileRef = 1B2680E820F3E8380043CC53 /* GlobalConstants.swift */; };
		1B2680EB20F3E9970043CC53 /* ApiManager.swift in Sources */ = {isa = PBXBuildFile; fileRef = 1B2680EA20F3E9970043CC53 /* ApiManager.swift */; };
		1B2680EE20F3FD060043CC53 /* LocationManager.swift in Sources */ = {isa = PBXBuildFile; fileRef = 1B2680ED20F3FD060043CC53 /* LocationManager.swift */; };
		1B2680FC20F4374A0043CC53 /* JBusiness.swift in Sources */ = {isa = PBXBuildFile; fileRef = 1B2680FB20F4374A0043CC53 /* JBusiness.swift */; };
		1B2680FE20F440130043CC53 /* JCategory.swift in Sources */ = {isa = PBXBuildFile; fileRef = 1B2680FD20F440130043CC53 /* JCategory.swift */; };
		1B26810120F443140043CC53 /* Managed+helper.swift in Sources */ = {isa = PBXBuildFile; fileRef = 1B26810020F443140043CC53 /* Managed+helper.swift */; };
		1B26810320F443D50043CC53 /* DBUtils.swift in Sources */ = {isa = PBXBuildFile; fileRef = 1B26810220F443D50043CC53 /* DBUtils.swift */; };
		1B26810520F44FD90043CC53 /* Session.swift in Sources */ = {isa = PBXBuildFile; fileRef = 1B26810420F44FD90043CC53 /* Session.swift */; };
		1B4EDCCC20F5940500AD67F4 /* WeekDay.swift in Sources */ = {isa = PBXBuildFile; fileRef = 1B4EDCCB20F5940500AD67F4 /* WeekDay.swift */; };
		1B4EDCCE20F64F6400AD67F4 /* SortCriteria.swift in Sources */ = {isa = PBXBuildFile; fileRef = 1B4EDCCD20F64F6400AD67F4 /* SortCriteria.swift */; };
		1B4EDCD020F6871F00AD67F4 /* FoodCategoryVC.swift in Sources */ = {isa = PBXBuildFile; fileRef = 1B4EDCCF20F6871F00AD67F4 /* FoodCategoryVC.swift */; };
		2099CC054E36521C67922D73 /* Pods_YelpApp.framework in Frameworks */ = {isa = PBXBuildFile; fileRef = C83D807ACED0E16C84219BE7 /* Pods_YelpApp.framework */; };
		72CA12397225415997A42163 /* Pods_YelpAppTests.framework in Frameworks */ = {isa = PBXBuildFile; fileRef = BA5C34CFEA1EE68BF8FCDE50 /* Pods_YelpAppTests.framework */; };
/* End PBXBuildFile section */

/* Begin PBXContainerItemProxy section */
		1B2680CB20F3BD870043CC53 /* PBXContainerItemProxy */ = {
			isa = PBXContainerItemProxy;
			containerPortal = 1B2680A920F3BD850043CC53 /* Project object */;
			proxyType = 1;
			remoteGlobalIDString = 1B2680B020F3BD850043CC53;
			remoteInfo = YelpApp;
		};
/* End PBXContainerItemProxy section */

/* Begin PBXFileReference section */
		1B2680B120F3BD850043CC53 /* YelpApp.app */ = {isa = PBXFileReference; explicitFileType = wrapper.application; includeInIndex = 0; path = YelpApp.app; sourceTree = BUILT_PRODUCTS_DIR; };
		1B2680B420F3BD850043CC53 /* AppDelegate.swift */ = {isa = PBXFileReference; lastKnownFileType = sourcecode.swift; path = AppDelegate.swift; sourceTree = "<group>"; };
		1B2680B720F3BD850043CC53 /* YelpApp.xcdatamodel */ = {isa = PBXFileReference; lastKnownFileType = wrapper.xcdatamodel; path = YelpApp.xcdatamodel; sourceTree = "<group>"; };
		1B2680B920F3BD850043CC53 /* MasterViewController.swift */ = {isa = PBXFileReference; lastKnownFileType = sourcecode.swift; path = MasterViewController.swift; sourceTree = "<group>"; };
		1B2680BB20F3BD850043CC53 /* DetailViewController.swift */ = {isa = PBXFileReference; lastKnownFileType = sourcecode.swift; path = DetailViewController.swift; sourceTree = "<group>"; };
		1B2680BE20F3BD850043CC53 /* Base */ = {isa = PBXFileReference; lastKnownFileType = file.storyboard; name = Base; path = Base.lproj/Main.storyboard; sourceTree = "<group>"; };
		1B2680C020F3BD870043CC53 /* Assets.xcassets */ = {isa = PBXFileReference; lastKnownFileType = folder.assetcatalog; path = Assets.xcassets; sourceTree = "<group>"; };
		1B2680C320F3BD870043CC53 /* Base */ = {isa = PBXFileReference; lastKnownFileType = file.storyboard; name = Base; path = Base.lproj/LaunchScreen.storyboard; sourceTree = "<group>"; };
		1B2680C520F3BD870043CC53 /* Info.plist */ = {isa = PBXFileReference; lastKnownFileType = text.plist.xml; path = Info.plist; sourceTree = "<group>"; };
		1B2680CA20F3BD870043CC53 /* YelpAppTests.xctest */ = {isa = PBXFileReference; explicitFileType = wrapper.cfbundle; includeInIndex = 0; path = YelpAppTests.xctest; sourceTree = BUILT_PRODUCTS_DIR; };
		1B2680CE20F3BD870043CC53 /* YelpAppTests.swift */ = {isa = PBXFileReference; lastKnownFileType = sourcecode.swift; path = YelpAppTests.swift; sourceTree = "<group>"; };
		1B2680D020F3BD870043CC53 /* Info.plist */ = {isa = PBXFileReference; lastKnownFileType = text.plist.xml; path = Info.plist; sourceTree = "<group>"; };
		1B2680D920F3C6F80043CC53 /* AdvanceSearchVC.swift */ = {isa = PBXFileReference; lastKnownFileType = sourcecode.swift; path = AdvanceSearchVC.swift; sourceTree = "<group>"; };
		1B2680DC20F3CAFA0043CC53 /* SearchCriteria.swift */ = {isa = PBXFileReference; lastKnownFileType = sourcecode.swift; path = SearchCriteria.swift; sourceTree = "<group>"; };
		1B2680E420F3DB2B0043CC53 /* AdvanceSearchCell.swift */ = {isa = PBXFileReference; lastKnownFileType = sourcecode.swift; path = AdvanceSearchCell.swift; sourceTree = "<group>"; };
		1B2680E620F3E4660043CC53 /* SResultsTableController.swift */ = {isa = PBXFileReference; fileEncoding = 4; lastKnownFileType = sourcecode.swift; path = SResultsTableController.swift; sourceTree = "<group>"; };
		1B2680E820F3E8380043CC53 /* GlobalConstants.swift */ = {isa = PBXFileReference; lastKnownFileType = sourcecode.swift; path = GlobalConstants.swift; sourceTree = "<group>"; };
		1B2680EA20F3E9970043CC53 /* ApiManager.swift */ = {isa = PBXFileReference; lastKnownFileType = sourcecode.swift; path = ApiManager.swift; sourceTree = "<group>"; };
		1B2680ED20F3FD060043CC53 /* LocationManager.swift */ = {isa = PBXFileReference; lastKnownFileType = sourcecode.swift; path = LocationManager.swift; sourceTree = "<group>"; };
		1B2680FB20F4374A0043CC53 /* JBusiness.swift */ = {isa = PBXFileReference; lastKnownFileType = sourcecode.swift; path = JBusiness.swift; sourceTree = "<group>"; };
		1B2680FD20F440130043CC53 /* JCategory.swift */ = {isa = PBXFileReference; lastKnownFileType = sourcecode.swift; path = JCategory.swift; sourceTree = "<group>"; };
		1B26810020F443140043CC53 /* Managed+helper.swift */ = {isa = PBXFileReference; lastKnownFileType = sourcecode.swift; path = "Managed+helper.swift"; sourceTree = "<group>"; };
		1B26810220F443D50043CC53 /* DBUtils.swift */ = {isa = PBXFileReference; lastKnownFileType = sourcecode.swift; path = DBUtils.swift; sourceTree = "<group>"; };
		1B26810420F44FD90043CC53 /* Session.swift */ = {isa = PBXFileReference; lastKnownFileType = sourcecode.swift; path = Session.swift; sourceTree = "<group>"; };
		1B4EDCCB20F5940500AD67F4 /* WeekDay.swift */ = {isa = PBXFileReference; lastKnownFileType = sourcecode.swift; path = WeekDay.swift; sourceTree = "<group>"; };
		1B4EDCCD20F64F6400AD67F4 /* SortCriteria.swift */ = {isa = PBXFileReference; lastKnownFileType = sourcecode.swift; path = SortCriteria.swift; sourceTree = "<group>"; };
		1B4EDCCF20F6871F00AD67F4 /* FoodCategoryVC.swift */ = {isa = PBXFileReference; lastKnownFileType = sourcecode.swift; path = FoodCategoryVC.swift; sourceTree = "<group>"; };
		3881F9DF6C03CFFD0B10B3B7 /* Pods-YelpApp.release.xcconfig */ = {isa = PBXFileReference; includeInIndex = 1; lastKnownFileType = text.xcconfig; name = "Pods-YelpApp.release.xcconfig"; path = "Pods/Target Support Files/Pods-YelpApp/Pods-YelpApp.release.xcconfig"; sourceTree = "<group>"; };
		3B74B0DF512CBFBD1A4E6BE9 /* Pods-YelpAppTests.release.xcconfig */ = {isa = PBXFileReference; includeInIndex = 1; lastKnownFileType = text.xcconfig; name = "Pods-YelpAppTests.release.xcconfig"; path = "Pods/Target Support Files/Pods-YelpAppTests/Pods-YelpAppTests.release.xcconfig"; sourceTree = "<group>"; };
		6C1D53D46B9E0DBC84EB0405 /* Pods-YelpAppTests.debug.xcconfig */ = {isa = PBXFileReference; includeInIndex = 1; lastKnownFileType = text.xcconfig; name = "Pods-YelpAppTests.debug.xcconfig"; path = "Pods/Target Support Files/Pods-YelpAppTests/Pods-YelpAppTests.debug.xcconfig"; sourceTree = "<group>"; };
		B28505368005F9B1E5B935E5 /* Pods-YelpApp.debug.xcconfig */ = {isa = PBXFileReference; includeInIndex = 1; lastKnownFileType = text.xcconfig; name = "Pods-YelpApp.debug.xcconfig"; path = "Pods/Target Support Files/Pods-YelpApp/Pods-YelpApp.debug.xcconfig"; sourceTree = "<group>"; };
		BA5C34CFEA1EE68BF8FCDE50 /* Pods_YelpAppTests.framework */ = {isa = PBXFileReference; explicitFileType = wrapper.framework; includeInIndex = 0; path = Pods_YelpAppTests.framework; sourceTree = BUILT_PRODUCTS_DIR; };
		C83D807ACED0E16C84219BE7 /* Pods_YelpApp.framework */ = {isa = PBXFileReference; explicitFileType = wrapper.framework; includeInIndex = 0; path = Pods_YelpApp.framework; sourceTree = BUILT_PRODUCTS_DIR; };
/* End PBXFileReference section */

/* Begin PBXFrameworksBuildPhase section */
		1B2680AE20F3BD850043CC53 /* Frameworks */ = {
			isa = PBXFrameworksBuildPhase;
			buildActionMask = 2147483647;
			files = (
				2099CC054E36521C67922D73 /* Pods_YelpApp.framework in Frameworks */,
			);
			runOnlyForDeploymentPostprocessing = 0;
		};
		1B2680C720F3BD870043CC53 /* Frameworks */ = {
			isa = PBXFrameworksBuildPhase;
			buildActionMask = 2147483647;
			files = (
				72CA12397225415997A42163 /* Pods_YelpAppTests.framework in Frameworks */,
			);
			runOnlyForDeploymentPostprocessing = 0;
		};
/* End PBXFrameworksBuildPhase section */

/* Begin PBXGroup section */
		1B2680A820F3BD850043CC53 = {
			isa = PBXGroup;
			children = (
				1B2680B320F3BD850043CC53 /* YelpApp */,
				1B2680CD20F3BD870043CC53 /* YelpAppTests */,
				1B2680B220F3BD850043CC53 /* Products */,
				CDC9EE23AF5EC216D2D8C848 /* Pods */,
				558B8941CB239E86525DF50D /* Frameworks */,
			);
			sourceTree = "<group>";
		};
		1B2680B220F3BD850043CC53 /* Products */ = {
			isa = PBXGroup;
			children = (
				1B2680B120F3BD850043CC53 /* YelpApp.app */,
				1B2680CA20F3BD870043CC53 /* YelpAppTests.xctest */,
			);
			name = Products;
			sourceTree = "<group>";
		};
		1B2680B320F3BD850043CC53 /* YelpApp */ = {
			isa = PBXGroup;
			children = (
				1B2680FF20F442F30043CC53 /* CoreData */,
				1B2680EC20F3EB470043CC53 /* Manager */,
				1B2680E320F3DAD80043CC53 /* View */,
				1B2680E020F3CBBE0043CC53 /* ViewModel */,
				1B2680DB20F3CAD90043CC53 /* Model */,
				1B2680B420F3BD850043CC53 /* AppDelegate.swift */,
				1B2680B920F3BD850043CC53 /* MasterViewController.swift */,
				1B2680D920F3C6F80043CC53 /* AdvanceSearchVC.swift */,
				1B4EDCCF20F6871F00AD67F4 /* FoodCategoryVC.swift */,
				1B2680E620F3E4660043CC53 /* SResultsTableController.swift */,
				1B2680BB20F3BD850043CC53 /* DetailViewController.swift */,
				1B2680BD20F3BD850043CC53 /* Main.storyboard */,
				1B2680C020F3BD870043CC53 /* Assets.xcassets */,
				1B2680C220F3BD870043CC53 /* LaunchScreen.storyboard */,
				1B2680C520F3BD870043CC53 /* Info.plist */,
				1B2680B620F3BD850043CC53 /* YelpApp.xcdatamodeld */,
				1B2680E820F3E8380043CC53 /* GlobalConstants.swift */,
			);
			path = YelpApp;
			sourceTree = "<group>";
		};
		1B2680CD20F3BD870043CC53 /* YelpAppTests */ = {
			isa = PBXGroup;
			children = (
				1B2680CE20F3BD870043CC53 /* YelpAppTests.swift */,
				1B2680D020F3BD870043CC53 /* Info.plist */,
			);
			path = YelpAppTests;
			sourceTree = "<group>";
		};
		1B2680DB20F3CAD90043CC53 /* Model */ = {
			isa = PBXGroup;
			children = (
				1B2680DC20F3CAFA0043CC53 /* SearchCriteria.swift */,
				1B4EDCCD20F64F6400AD67F4 /* SortCriteria.swift */,
				1B2680FB20F4374A0043CC53 /* JBusiness.swift */,
				1B2680FD20F440130043CC53 /* JCategory.swift */,
				1B4EDCCB20F5940500AD67F4 /* WeekDay.swift */,
			);
			path = Model;
			sourceTree = "<group>";
		};
		1B2680E020F3CBBE0043CC53 /* ViewModel */ = {
			isa = PBXGroup;
			children = (
			);
			path = ViewModel;
			sourceTree = "<group>";
		};
		1B2680E320F3DAD80043CC53 /* View */ = {
			isa = PBXGroup;
			children = (
				1B2680E420F3DB2B0043CC53 /* AdvanceSearchCell.swift */,
			);
			path = View;
			sourceTree = "<group>";
		};
		1B2680EC20F3EB470043CC53 /* Manager */ = {
			isa = PBXGroup;
			children = (
				1B2680EA20F3E9970043CC53 /* ApiManager.swift */,
				1B2680ED20F3FD060043CC53 /* LocationManager.swift */,
				1B26810420F44FD90043CC53 /* Session.swift */,
			);
			path = Manager;
			sourceTree = "<group>";
		};
		1B2680FF20F442F30043CC53 /* CoreData */ = {
			isa = PBXGroup;
			children = (
				1B26810020F443140043CC53 /* Managed+helper.swift */,
				1B26810220F443D50043CC53 /* DBUtils.swift */,
			);
			path = CoreData;
			sourceTree = "<group>";
		};
		558B8941CB239E86525DF50D /* Frameworks */ = {
			isa = PBXGroup;
			children = (
				C83D807ACED0E16C84219BE7 /* Pods_YelpApp.framework */,
				BA5C34CFEA1EE68BF8FCDE50 /* Pods_YelpAppTests.framework */,
			);
			name = Frameworks;
			sourceTree = "<group>";
		};
		CDC9EE23AF5EC216D2D8C848 /* Pods */ = {
			isa = PBXGroup;
			children = (
				B28505368005F9B1E5B935E5 /* Pods-YelpApp.debug.xcconfig */,
				3881F9DF6C03CFFD0B10B3B7 /* Pods-YelpApp.release.xcconfig */,
				6C1D53D46B9E0DBC84EB0405 /* Pods-YelpAppTests.debug.xcconfig */,
				3B74B0DF512CBFBD1A4E6BE9 /* Pods-YelpAppTests.release.xcconfig */,
			);
			name = Pods;
			sourceTree = "<group>";
		};
/* End PBXGroup section */

/* Begin PBXNativeTarget section */
		1B2680B020F3BD850043CC53 /* YelpApp */ = {
			isa = PBXNativeTarget;
			buildConfigurationList = 1B2680D320F3BD870043CC53 /* Build configuration list for PBXNativeTarget "YelpApp" */;
			buildPhases = (
				EA3B9B84A3C0752DB1F64365 /* [CP] Check Pods Manifest.lock */,
				1B2680AD20F3BD850043CC53 /* Sources */,
				1B2680AE20F3BD850043CC53 /* Frameworks */,
				1B2680AF20F3BD850043CC53 /* Resources */,
				BE68A0261D240B31DE88A63D /* [CP] Embed Pods Frameworks */,
			);
			buildRules = (
			);
			dependencies = (
			);
			name = YelpApp;
			productName = YelpApp;
			productReference = 1B2680B120F3BD850043CC53 /* YelpApp.app */;
			productType = "com.apple.product-type.application";
		};
		1B2680C920F3BD870043CC53 /* YelpAppTests */ = {
			isa = PBXNativeTarget;
			buildConfigurationList = 1B2680D620F3BD870043CC53 /* Build configuration list for PBXNativeTarget "YelpAppTests" */;
			buildPhases = (
				3A61CE264FE610581AE6B339 /* [CP] Check Pods Manifest.lock */,
				1B2680C620F3BD870043CC53 /* Sources */,
				1B2680C720F3BD870043CC53 /* Frameworks */,
				1B2680C820F3BD870043CC53 /* Resources */,
			);
			buildRules = (
			);
			dependencies = (
				1B2680CC20F3BD870043CC53 /* PBXTargetDependency */,
			);
			name = YelpAppTests;
			productName = YelpAppTests;
			productReference = 1B2680CA20F3BD870043CC53 /* YelpAppTests.xctest */;
			productType = "com.apple.product-type.bundle.unit-test";
		};
/* End PBXNativeTarget section */

/* Begin PBXProject section */
		1B2680A920F3BD850043CC53 /* Project object */ = {
			isa = PBXProject;
			attributes = {
				LastSwiftUpdateCheck = 0940;
				LastUpgradeCheck = 0940;
				ORGANIZATIONNAME = "Ngendo Muhayimana";
				TargetAttributes = {
					1B2680B020F3BD850043CC53 = {
						CreatedOnToolsVersion = 9.4.1;
					};
					1B2680C920F3BD870043CC53 = {
						CreatedOnToolsVersion = 9.4.1;
						TestTargetID = 1B2680B020F3BD850043CC53;
					};
				};
			};
			buildConfigurationList = 1B2680AC20F3BD850043CC53 /* Build configuration list for PBXProject "YelpApp" */;
			compatibilityVersion = "Xcode 9.3";
			developmentRegion = en;
			hasScannedForEncodings = 0;
			knownRegions = (
				en,
				Base,
			);
			mainGroup = 1B2680A820F3BD850043CC53;
			productRefGroup = 1B2680B220F3BD850043CC53 /* Products */;
			projectDirPath = "";
			projectRoot = "";
			targets = (
				1B2680B020F3BD850043CC53 /* YelpApp */,
				1B2680C920F3BD870043CC53 /* YelpAppTests */,
			);
		};
/* End PBXProject section */

/* Begin PBXResourcesBuildPhase section */
		1B2680AF20F3BD850043CC53 /* Resources */ = {
			isa = PBXResourcesBuildPhase;
			buildActionMask = 2147483647;
			files = (
				1B2680C420F3BD870043CC53 /* LaunchScreen.storyboard in Resources */,
				1B2680C120F3BD870043CC53 /* Assets.xcassets in Resources */,
				1B2680BF20F3BD850043CC53 /* Main.storyboard in Resources */,
			);
			runOnlyForDeploymentPostprocessing = 0;
		};
		1B2680C820F3BD870043CC53 /* Resources */ = {
			isa = PBXResourcesBuildPhase;
			buildActionMask = 2147483647;
			files = (
			);
			runOnlyForDeploymentPostprocessing = 0;
		};
/* End PBXResourcesBuildPhase section */

/* Begin PBXShellScriptBuildPhase section */
		3A61CE264FE610581AE6B339 /* [CP] Check Pods Manifest.lock */ = {
			isa = PBXShellScriptBuildPhase;
			buildActionMask = 2147483647;
			files = (
			);
			inputPaths = (
				"${PODS_PODFILE_DIR_PATH}/Podfile.lock",
				"${PODS_ROOT}/Manifest.lock",
			);
			name = "[CP] Check Pods Manifest.lock";
			outputPaths = (
				"$(DERIVED_FILE_DIR)/Pods-YelpAppTests-checkManifestLockResult.txt",
			);
			runOnlyForDeploymentPostprocessing = 0;
			shellPath = /bin/sh;
			shellScript = "diff \"${PODS_PODFILE_DIR_PATH}/Podfile.lock\" \"${PODS_ROOT}/Manifest.lock\" > /dev/null\nif [ $? != 0 ] ; then\n    # print error to STDERR\n    echo \"error: The sandbox is not in sync with the Podfile.lock. Run 'pod install' or update your CocoaPods installation.\" >&2\n    exit 1\nfi\n# This output is used by Xcode 'outputs' to avoid re-running this script phase.\necho \"SUCCESS\" > \"${SCRIPT_OUTPUT_FILE_0}\"\n";
			showEnvVarsInLog = 0;
		};
		BE68A0261D240B31DE88A63D /* [CP] Embed Pods Frameworks */ = {
			isa = PBXShellScriptBuildPhase;
			buildActionMask = 2147483647;
			files = (
			);
			inputPaths = (
				"${SRCROOT}/Pods/Target Support Files/Pods-YelpApp/Pods-YelpApp-frameworks.sh",
				"${BUILT_PRODUCTS_DIR}/Alamofire/Alamofire.framework",
				"${BUILT_PRODUCTS_DIR}/FloatRatingView/FloatRatingView.framework",
			);
			name = "[CP] Embed Pods Frameworks";
			outputPaths = (
				"${TARGET_BUILD_DIR}/${FRAMEWORKS_FOLDER_PATH}/Alamofire.framework",
				"${TARGET_BUILD_DIR}/${FRAMEWORKS_FOLDER_PATH}/FloatRatingView.framework",
			);
			runOnlyForDeploymentPostprocessing = 0;
			shellPath = /bin/sh;
			shellScript = "\"${SRCROOT}/Pods/Target Support Files/Pods-YelpApp/Pods-YelpApp-frameworks.sh\"\n";
			showEnvVarsInLog = 0;
		};
		EA3B9B84A3C0752DB1F64365 /* [CP] Check Pods Manifest.lock */ = {
			isa = PBXShellScriptBuildPhase;
			buildActionMask = 2147483647;
			files = (
			);
			inputPaths = (
				"${PODS_PODFILE_DIR_PATH}/Podfile.lock",
				"${PODS_ROOT}/Manifest.lock",
			);
			name = "[CP] Check Pods Manifest.lock";
			outputPaths = (
				"$(DERIVED_FILE_DIR)/Pods-YelpApp-checkManifestLockResult.txt",
			);
			runOnlyForDeploymentPostprocessing = 0;
			shellPath = /bin/sh;
			shellScript = "diff \"${PODS_PODFILE_DIR_PATH}/Podfile.lock\" \"${PODS_ROOT}/Manifest.lock\" > /dev/null\nif [ $? != 0 ] ; then\n    # print error to STDERR\n    echo \"error: The sandbox is not in sync with the Podfile.lock. Run 'pod install' or update your CocoaPods installation.\" >&2\n    exit 1\nfi\n# This output is used by Xcode 'outputs' to avoid re-running this script phase.\necho \"SUCCESS\" > \"${SCRIPT_OUTPUT_FILE_0}\"\n";
			showEnvVarsInLog = 0;
		};
/* End PBXShellScriptBuildPhase section */

/* Begin PBXSourcesBuildPhase section */
		1B2680AD20F3BD850043CC53 /* Sources */ = {
			isa = PBXSourcesBuildPhase;
			buildActionMask = 2147483647;
			files = (
				1B2680DD20F3CAFA0043CC53 /* SearchCriteria.swift in Sources */,
				1B2680E920F3E8380043CC53 /* GlobalConstants.swift in Sources */,
				1B4EDCCE20F64F6400AD67F4 /* SortCriteria.swift in Sources */,
				1B2680EB20F3E9970043CC53 /* ApiManager.swift in Sources */,
				1B2680EE20F3FD060043CC53 /* LocationManager.swift in Sources */,
				1B2680E720F3E4660043CC53 /* SResultsTableController.swift in Sources */,
				1B26810120F443140043CC53 /* Managed+helper.swift in Sources */,
				1B2680B520F3BD850043CC53 /* AppDelegate.swift in Sources */,
				1B2680B820F3BD850043CC53 /* YelpApp.xcdatamodeld in Sources */,
				1B2680E520F3DB2B0043CC53 /* AdvanceSearchCell.swift in Sources */,
				1B2680BA20F3BD850043CC53 /* MasterViewController.swift in Sources */,
				1B2680FC20F4374A0043CC53 /* JBusiness.swift in Sources */,
				1B2680BC20F3BD850043CC53 /* DetailViewController.swift in Sources */,
				1B26810520F44FD90043CC53 /* Session.swift in Sources */,
				1B4EDCCC20F5940500AD67F4 /* WeekDay.swift in Sources */,
				1B2680DA20F3C6F80043CC53 /* AdvanceSearchVC.swift in Sources */,
				1B2680FE20F440130043CC53 /* JCategory.swift in Sources */,
				1B26810320F443D50043CC53 /* DBUtils.swift in Sources */,
				1B4EDCD020F6871F00AD67F4 /* FoodCategoryVC.swift in Sources */,
			);
			runOnlyForDeploymentPostprocessing = 0;
		};
		1B2680C620F3BD870043CC53 /* Sources */ = {
			isa = PBXSourcesBuildPhase;
			buildActionMask = 2147483647;
			files = (
				1B2680CF20F3BD870043CC53 /* YelpAppTests.swift in Sources */,
			);
			runOnlyForDeploymentPostprocessing = 0;
		};
/* End PBXSourcesBuildPhase section */

/* Begin PBXTargetDependency section */
		1B2680CC20F3BD870043CC53 /* PBXTargetDependency */ = {
			isa = PBXTargetDependency;
			target = 1B2680B020F3BD850043CC53 /* YelpApp */;
			targetProxy = 1B2680CB20F3BD870043CC53 /* PBXContainerItemProxy */;
		};
/* End PBXTargetDependency section */

/* Begin PBXVariantGroup section */
		1B2680BD20F3BD850043CC53 /* Main.storyboard */ = {
			isa = PBXVariantGroup;
			children = (
				1B2680BE20F3BD850043CC53 /* Base */,
			);
			name = Main.storyboard;
			sourceTree = "<group>";
		};
		1B2680C220F3BD870043CC53 /* LaunchScreen.storyboard */ = {
			isa = PBXVariantGroup;
			children = (
				1B2680C320F3BD870043CC53 /* Base */,
			);
			name = LaunchScreen.storyboard;
			sourceTree = "<group>";
		};
/* End PBXVariantGroup section */

/* Begin XCBuildConfiguration section */
		1B2680D120F3BD870043CC53 /* Debug */ = {
			isa = XCBuildConfiguration;
			buildSettings = {
				ALWAYS_SEARCH_USER_PATHS = NO;
				CLANG_ANALYZER_NONNULL = YES;
				CLANG_ANALYZER_NUMBER_OBJECT_CONVERSION = YES_AGGRESSIVE;
				CLANG_CXX_LANGUAGE_STANDARD = "gnu++14";
				CLANG_CXX_LIBRARY = "libc++";
				CLANG_ENABLE_MODULES = YES;
				CLANG_ENABLE_OBJC_ARC = YES;
				CLANG_ENABLE_OBJC_WEAK = YES;
				CLANG_WARN_BLOCK_CAPTURE_AUTORELEASING = YES;
				CLANG_WARN_BOOL_CONVERSION = YES;
				CLANG_WARN_COMMA = YES;
				CLANG_WARN_CONSTANT_CONVERSION = YES;
				CLANG_WARN_DEPRECATED_OBJC_IMPLEMENTATIONS = YES;
				CLANG_WARN_DIRECT_OBJC_ISA_USAGE = YES_ERROR;
				CLANG_WARN_DOCUMENTATION_COMMENTS = YES;
				CLANG_WARN_EMPTY_BODY = YES;
				CLANG_WARN_ENUM_CONVERSION = YES;
				CLANG_WARN_INFINITE_RECURSION = YES;
				CLANG_WARN_INT_CONVERSION = YES;
				CLANG_WARN_NON_LITERAL_NULL_CONVERSION = YES;
				CLANG_WARN_OBJC_IMPLICIT_RETAIN_SELF = YES;
				CLANG_WARN_OBJC_LITERAL_CONVERSION = YES;
				CLANG_WARN_OBJC_ROOT_CLASS = YES_ERROR;
				CLANG_WARN_RANGE_LOOP_ANALYSIS = YES;
				CLANG_WARN_STRICT_PROTOTYPES = YES;
				CLANG_WARN_SUSPICIOUS_MOVE = YES;
				CLANG_WARN_UNGUARDED_AVAILABILITY = YES_AGGRESSIVE;
				CLANG_WARN_UNREACHABLE_CODE = YES;
				CLANG_WARN__DUPLICATE_METHOD_MATCH = YES;
				CODE_SIGN_IDENTITY = "iPhone Developer";
				COPY_PHASE_STRIP = NO;
				DEBUG_INFORMATION_FORMAT = dwarf;
				ENABLE_STRICT_OBJC_MSGSEND = YES;
				ENABLE_TESTABILITY = YES;
				GCC_C_LANGUAGE_STANDARD = gnu11;
				GCC_DYNAMIC_NO_PIC = NO;
				GCC_NO_COMMON_BLOCKS = YES;
				GCC_OPTIMIZATION_LEVEL = 0;
				GCC_PREPROCESSOR_DEFINITIONS = (
					"DEBUG=1",
					"$(inherited)",
				);
				GCC_WARN_64_TO_32_BIT_CONVERSION = YES;
				GCC_WARN_ABOUT_RETURN_TYPE = YES_ERROR;
				GCC_WARN_UNDECLARED_SELECTOR = YES;
				GCC_WARN_UNINITIALIZED_AUTOS = YES_AGGRESSIVE;
				GCC_WARN_UNUSED_FUNCTION = YES;
				GCC_WARN_UNUSED_VARIABLE = YES;
				IPHONEOS_DEPLOYMENT_TARGET = 10.3;
				MTL_ENABLE_DEBUG_INFO = YES;
				ONLY_ACTIVE_ARCH = YES;
				SDKROOT = iphoneos;
				SWIFT_ACTIVE_COMPILATION_CONDITIONS = DEBUG;
				SWIFT_OPTIMIZATION_LEVEL = "-Onone";
				SWIFT_VERSION = 3.0;
			};
			name = Debug;
		};
		1B2680D220F3BD870043CC53 /* Release */ = {
			isa = XCBuildConfiguration;
			buildSettings = {
				ALWAYS_SEARCH_USER_PATHS = NO;
				CLANG_ANALYZER_NONNULL = YES;
				CLANG_ANALYZER_NUMBER_OBJECT_CONVERSION = YES_AGGRESSIVE;
				CLANG_CXX_LANGUAGE_STANDARD = "gnu++14";
				CLANG_CXX_LIBRARY = "libc++";
				CLANG_ENABLE_MODULES = YES;
				CLANG_ENABLE_OBJC_ARC = YES;
				CLANG_ENABLE_OBJC_WEAK = YES;
				CLANG_WARN_BLOCK_CAPTURE_AUTORELEASING = YES;
				CLANG_WARN_BOOL_CONVERSION = YES;
				CLANG_WARN_COMMA = YES;
				CLANG_WARN_CONSTANT_CONVERSION = YES;
				CLANG_WARN_DEPRECATED_OBJC_IMPLEMENTATIONS = YES;
				CLANG_WARN_DIRECT_OBJC_ISA_USAGE = YES_ERROR;
				CLANG_WARN_DOCUMENTATION_COMMENTS = YES;
				CLANG_WARN_EMPTY_BODY = YES;
				CLANG_WARN_ENUM_CONVERSION = YES;
				CLANG_WARN_INFINITE_RECURSION = YES;
				CLANG_WARN_INT_CONVERSION = YES;
				CLANG_WARN_NON_LITERAL_NULL_CONVERSION = YES;
				CLANG_WARN_OBJC_IMPLICIT_RETAIN_SELF = YES;
				CLANG_WARN_OBJC_LITERAL_CONVERSION = YES;
				CLANG_WARN_OBJC_ROOT_CLASS = YES_ERROR;
				CLANG_WARN_RANGE_LOOP_ANALYSIS = YES;
				CLANG_WARN_STRICT_PROTOTYPES = YES;
				CLANG_WARN_SUSPICIOUS_MOVE = YES;
				CLANG_WARN_UNGUARDED_AVAILABILITY = YES_AGGRESSIVE;
				CLANG_WARN_UNREACHABLE_CODE = YES;
				CLANG_WARN__DUPLICATE_METHOD_MATCH = YES;
				CODE_SIGN_IDENTITY = "iPhone Developer";
				COPY_PHASE_STRIP = NO;
				DEBUG_INFORMATION_FORMAT = "dwarf-with-dsym";
				ENABLE_NS_ASSERTIONS = NO;
				ENABLE_STRICT_OBJC_MSGSEND = YES;
				GCC_C_LANGUAGE_STANDARD = gnu11;
				GCC_NO_COMMON_BLOCKS = YES;
				GCC_WARN_64_TO_32_BIT_CONVERSION = YES;
				GCC_WARN_ABOUT_RETURN_TYPE = YES_ERROR;
				GCC_WARN_UNDECLARED_SELECTOR = YES;
				GCC_WARN_UNINITIALIZED_AUTOS = YES_AGGRESSIVE;
				GCC_WARN_UNUSED_FUNCTION = YES;
				GCC_WARN_UNUSED_VARIABLE = YES;
				IPHONEOS_DEPLOYMENT_TARGET = 10.3;
				MTL_ENABLE_DEBUG_INFO = NO;
				SDKROOT = iphoneos;
				SWIFT_COMPILATION_MODE = wholemodule;
				SWIFT_OPTIMIZATION_LEVEL = "-O";
				SWIFT_VERSION = 3.0;
				VALIDATE_PRODUCT = YES;
			};
			name = Release;
		};
		1B2680D420F3BD870043CC53 /* Debug */ = {
			isa = XCBuildConfiguration;
			baseConfigurationReference = B28505368005F9B1E5B935E5 /* Pods-YelpApp.debug.xcconfig */;
			buildSettings = {
				ASSETCATALOG_COMPILER_APPICON_NAME = AppIcon;
				CODE_SIGN_STYLE = Automatic;
				DEVELOPMENT_TEAM = 674VVS4WNZ;
				INFOPLIST_FILE = YelpApp/Info.plist;
				LD_RUNPATH_SEARCH_PATHS = (
					"$(inherited)",
					"@executable_path/Frameworks",
				);
				PRODUCT_BUNDLE_IDENTIFIER = yelp.muh.mobi.YelpApp;
				PRODUCT_NAME = "$(TARGET_NAME)";
				SWIFT_VERSION = 3.0;
				TARGETED_DEVICE_FAMILY = "1,2";
			};
			name = Debug;
		};
		1B2680D520F3BD870043CC53 /* Release */ = {
			isa = XCBuildConfiguration;
			baseConfigurationReference = 3881F9DF6C03CFFD0B10B3B7 /* Pods-YelpApp.release.xcconfig */;
			buildSettings = {
				ASSETCATALOG_COMPILER_APPICON_NAME = AppIcon;
				CODE_SIGN_STYLE = Automatic;
				DEVELOPMENT_TEAM = 674VVS4WNZ;
				INFOPLIST_FILE = YelpApp/Info.plist;
				LD_RUNPATH_SEARCH_PATHS = (
					"$(inherited)",
					"@executable_path/Frameworks",
				);
				PRODUCT_BUNDLE_IDENTIFIER = yelp.muh.mobi.YelpApp;
				PRODUCT_NAME = "$(TARGET_NAME)";
				SWIFT_VERSION = 3.0;
				TARGETED_DEVICE_FAMILY = "1,2";
			};
			name = Release;
		};
		1B2680D720F3BD870043CC53 /* Debug */ = {
			isa = XCBuildConfiguration;
			baseConfigurationReference = 6C1D53D46B9E0DBC84EB0405 /* Pods-YelpAppTests.debug.xcconfig */;
			buildSettings = {
				ALWAYS_EMBED_SWIFT_STANDARD_LIBRARIES = YES;
				BUNDLE_LOADER = "$(TEST_HOST)";
				CODE_SIGN_STYLE = Automatic;
				DEVELOPMENT_TEAM = 674VVS4WNZ;
				INFOPLIST_FILE = YelpAppTests/Info.plist;
				LD_RUNPATH_SEARCH_PATHS = (
					"$(inherited)",
					"@executable_path/Frameworks",
					"@loader_path/Frameworks",
				);
				PRODUCT_BUNDLE_IDENTIFIER = yelp.muh.mobi.YelpAppTests;
				PRODUCT_NAME = "$(TARGET_NAME)";
				SWIFT_VERSION = 4.0;
				TARGETED_DEVICE_FAMILY = "1,2";
				TEST_HOST = "$(BUILT_PRODUCTS_DIR)/YelpApp.app/YelpApp";
			};
			name = Debug;
		};
		1B2680D820F3BD870043CC53 /* Release */ = {
			isa = XCBuildConfiguration;
			baseConfigurationReference = 3B74B0DF512CBFBD1A4E6BE9 /* Pods-YelpAppTests.release.xcconfig */;
			buildSettings = {
				ALWAYS_EMBED_SWIFT_STANDARD_LIBRARIES = YES;
				BUNDLE_LOADER = "$(TEST_HOST)";
				CODE_SIGN_STYLE = Automatic;
				DEVELOPMENT_TEAM = 674VVS4WNZ;
				INFOPLIST_FILE = YelpAppTests/Info.plist;
				LD_RUNPATH_SEARCH_PATHS = (
					"$(inherited)",
					"@executable_path/Frameworks",
					"@loader_path/Frameworks",
				);
				PRODUCT_BUNDLE_IDENTIFIER = yelp.muh.mobi.YelpAppTests;
				PRODUCT_NAME = "$(TARGET_NAME)";
				SWIFT_VERSION = 4.0;
				TARGETED_DEVICE_FAMILY = "1,2";
				TEST_HOST = "$(BUILT_PRODUCTS_DIR)/YelpApp.app/YelpApp";
			};
			name = Release;
		};
/* End XCBuildConfiguration section */

/* Begin XCConfigurationList section */
		1B2680AC20F3BD850043CC53 /* Build configuration list for PBXProject "YelpApp" */ = {
			isa = XCConfigurationList;
			buildConfigurations = (
				1B2680D120F3BD870043CC53 /* Debug */,
				1B2680D220F3BD870043CC53 /* Release */,
			);
			defaultConfigurationIsVisible = 0;
			defaultConfigurationName = Release;
		};
		1B2680D320F3BD870043CC53 /* Build configuration list for PBXNativeTarget "YelpApp" */ = {
			isa = XCConfigurationList;
			buildConfigurations = (
				1B2680D420F3BD870043CC53 /* Debug */,
				1B2680D520F3BD870043CC53 /* Release */,
			);
			defaultConfigurationIsVisible = 0;
			defaultConfigurationName = Release;
		};
		1B2680D620F3BD870043CC53 /* Build configuration list for PBXNativeTarget "YelpAppTests" */ = {
			isa = XCConfigurationList;
			buildConfigurations = (
				1B2680D720F3BD870043CC53 /* Debug */,
				1B2680D820F3BD870043CC53 /* Release */,
			);
			defaultConfigurationIsVisible = 0;
			defaultConfigurationName = Release;
		};
/* End XCConfigurationList section */

/* Begin XCVersionGroup section */
		1B2680B620F3BD850043CC53 /* YelpApp.xcdatamodeld */ = {
			isa = XCVersionGroup;
			children = (
				1B2680B720F3BD850043CC53 /* YelpApp.xcdatamodel */,
			);
			currentVersion = 1B2680B720F3BD850043CC53 /* YelpApp.xcdatamodel */;
			path = YelpApp.xcdatamodeld;
			sourceTree = "<group>";
			versionGroupType = wrapper.xcdatamodel;
		};
/* End XCVersionGroup section */
	};
	rootObject = 1B2680A920F3BD850043CC53 /* Project object */;
}
